
Microsoft Visual Studio Solution File, Format Version 12.00
# Visual Studio Version 17
VisualStudioVersion = 17.12.35527.113
MinimumVisualStudioVersion = 10.0.40219.1
Project("{2150E333-8FDC-42A3-9474-1A3956D46DE8}") = "TeamPlayerProfiles", "TeamPlayerProfiles", "{D9074F63-5CC1-4594-9CA4-459226DB4A09}"
EndProject
Project("{FAE04EC0-301F-11D3-BF4B-00C04F79EFBC}") = "Common", "..\TeamPlayerProfiles\Common\Common.csproj", "{2874869D-4E7F-404C-9DFD-B617C645BF7A}"
EndProject
Project("{FAE04EC0-301F-11D3-BF4B-00C04F79EFBC}") = "DataAccess", "..\TeamPlayerProfiles\DataAccess\DataAccess.csproj", "{592363E0-193D-48C4-A17E-E1ED761B0ABB}"
EndProject
Project("{FAE04EC0-301F-11D3-BF4B-00C04F79EFBC}") = "Service", "..\TeamPlayerProfiles\Service\Service.csproj", "{5D49EE7A-A6EC-4DA6-9C52-D368FA2C40A2}"
EndProject
Project("{FAE04EC0-301F-11D3-BF4B-00C04F79EFBC}") = "WebAPI", "..\TeamPlayerProfiles\WebAPI\WebAPI.csproj", "{8BB4F744-9A86-428A-B581-C7714F5AA808}"
EndProject
Project("{2150E333-8FDC-42A3-9474-1A3956D46DE8}") = "UserMessaging", "UserMessaging", "{85DF8289-2A43-4B7A-BCD0-1DFEAED74E50}"
EndProject
Project("{FAE04EC0-301F-11D3-BF4B-00C04F79EFBC}") = "Common", "..\UserMessaging\Common\Common.csproj", "{A8A3E6ED-E4A8-4131-8EB8-DD31636ACBDF}"
EndProject
Project("{FAE04EC0-301F-11D3-BF4B-00C04F79EFBC}") = "DataAccess", "..\UserMessaging\DataAccess\DataAccess.csproj", "{3D2B8EDF-722E-4C79-AC8E-5B66235760D0}"
EndProject
Project("{FAE04EC0-301F-11D3-BF4B-00C04F79EFBC}") = "Service", "..\UserMessaging\Service\Service.csproj", "{40DB6621-26C8-4597-B30C-1B447E3FF48E}"
EndProject
Project("{FAE04EC0-301F-11D3-BF4B-00C04F79EFBC}") = "WebAPI", "..\UserMessaging\WebAPI\WebAPI.csproj", "{CF05F665-F7A2-49BB-A4D2-53137966CC1F}"
EndProject
Project("{2150E333-8FDC-42A3-9474-1A3956D46DE8}") = "UserInfo", "UserInfo", "{AB46F822-A3D9-4119-95E5-FB3E1A2F7C25}"
EndProject
Project("{FAE04EC0-301F-11D3-BF4B-00C04F79EFBC}") = "DataAccess", "..\UserInfo\DataAccess\DataAccess.csproj", "{100FD193-9903-4283-9496-23030EE9179F}"
EndProject
Project("{FAE04EC0-301F-11D3-BF4B-00C04F79EFBC}") = "Service", "..\UserInfo\Service\Service.csproj", "{8DF4AF81-0B89-46B6-8474-AE8B42C43B6C}"
EndProject
Project("{FAE04EC0-301F-11D3-BF4B-00C04F79EFBC}") = "WebAPI", "..\UserInfo\WebAPI\WebAPI.csproj", "{8BC5A9F9-28DE-4C7E-8BB4-F6FD9248BB8E}"
EndProject
Project("{2150E333-8FDC-42A3-9474-1A3956D46DE8}") = "Auth", "Auth", "{B06B5380-FC22-4A7A-87C6-2D97CAC1D7F2}"
EndProject
Project("{FAE04EC0-301F-11D3-BF4B-00C04F79EFBC}") = "Infrastructure", "..\Auth\Infrastructure\Infrastructure.csproj", "{353557E8-8325-42B3-85E3-B261E756337A}"
EndProject
Project("{FAE04EC0-301F-11D3-BF4B-00C04F79EFBC}") = "EFData", "..\Auth\EFData\EFData.csproj", "{A0697A53-C017-4202-8EC4-F7B4374A8192}"
EndProject
Project("{FAE04EC0-301F-11D3-BF4B-00C04F79EFBC}") = "Domain", "..\Auth\Domain\Domain.csproj", "{4C963215-966E-408C-9BE9-26AAFC13E1A4}"
EndProject
Project("{FAE04EC0-301F-11D3-BF4B-00C04F79EFBC}") = "Application", "..\Auth\Application\Application.csproj", "{D9EB3611-9598-4B91-A055-9BCC9329DF85}"
EndProject
Project("{FAE04EC0-301F-11D3-BF4B-00C04F79EFBC}") = "APIAuth", "..\Auth\APIAuth\APIAuth.csproj", "{0FB42819-36FF-4DED-82C3-11B92FE4C366}"
EndProject
Project("{FAE04EC0-301F-11D3-BF4B-00C04F79EFBC}") = "Library", "..\Library\Library.csproj", "{24A72F06-7157-42B4-8702-738F2F05F20A}"
EndProject
Global
	GlobalSection(SolutionConfigurationPlatforms) = preSolution
		Debug|Any CPU = Debug|Any CPU
		Release|Any CPU = Release|Any CPU
	EndGlobalSection
	GlobalSection(ProjectConfigurationPlatforms) = postSolution
		{2874869D-4E7F-404C-9DFD-B617C645BF7A}.Debug|Any CPU.ActiveCfg = Debug|Any CPU
		{2874869D-4E7F-404C-9DFD-B617C645BF7A}.Debug|Any CPU.Build.0 = Debug|Any CPU
		{2874869D-4E7F-404C-9DFD-B617C645BF7A}.Release|Any CPU.ActiveCfg = Release|Any CPU
		{2874869D-4E7F-404C-9DFD-B617C645BF7A}.Release|Any CPU.Build.0 = Release|Any CPU
		{592363E0-193D-48C4-A17E-E1ED761B0ABB}.Debug|Any CPU.ActiveCfg = Debug|Any CPU
		{592363E0-193D-48C4-A17E-E1ED761B0ABB}.Debug|Any CPU.Build.0 = Debug|Any CPU
		{592363E0-193D-48C4-A17E-E1ED761B0ABB}.Release|Any CPU.ActiveCfg = Release|Any CPU
		{592363E0-193D-48C4-A17E-E1ED761B0ABB}.Release|Any CPU.Build.0 = Release|Any CPU
		{5D49EE7A-A6EC-4DA6-9C52-D368FA2C40A2}.Debug|Any CPU.ActiveCfg = Debug|Any CPU
		{5D49EE7A-A6EC-4DA6-9C52-D368FA2C40A2}.Debug|Any CPU.Build.0 = Debug|Any CPU
		{5D49EE7A-A6EC-4DA6-9C52-D368FA2C40A2}.Release|Any CPU.ActiveCfg = Release|Any CPU
		{5D49EE7A-A6EC-4DA6-9C52-D368FA2C40A2}.Release|Any CPU.Build.0 = Release|Any CPU
		{8BB4F744-9A86-428A-B581-C7714F5AA808}.Debug|Any CPU.ActiveCfg = Debug|Any CPU
		{8BB4F744-9A86-428A-B581-C7714F5AA808}.Debug|Any CPU.Build.0 = Debug|Any CPU
		{8BB4F744-9A86-428A-B581-C7714F5AA808}.Release|Any CPU.ActiveCfg = Release|Any CPU
		{8BB4F744-9A86-428A-B581-C7714F5AA808}.Release|Any CPU.Build.0 = Release|Any CPU
		{A8A3E6ED-E4A8-4131-8EB8-DD31636ACBDF}.Debug|Any CPU.ActiveCfg = Debug|Any CPU
		{A8A3E6ED-E4A8-4131-8EB8-DD31636ACBDF}.Debug|Any CPU.Build.0 = Debug|Any CPU
		{A8A3E6ED-E4A8-4131-8EB8-DD31636ACBDF}.Release|Any CPU.ActiveCfg = Release|Any CPU
		{A8A3E6ED-E4A8-4131-8EB8-DD31636ACBDF}.Release|Any CPU.Build.0 = Release|Any CPU
		{3D2B8EDF-722E-4C79-AC8E-5B66235760D0}.Debug|Any CPU.ActiveCfg = Debug|Any CPU
		{3D2B8EDF-722E-4C79-AC8E-5B66235760D0}.Debug|Any CPU.Build.0 = Debug|Any CPU
		{3D2B8EDF-722E-4C79-AC8E-5B66235760D0}.Release|Any CPU.ActiveCfg = Release|Any CPU
		{3D2B8EDF-722E-4C79-AC8E-5B66235760D0}.Release|Any CPU.Build.0 = Release|Any CPU
		{40DB6621-26C8-4597-B30C-1B447E3FF48E}.Debug|Any CPU.ActiveCfg = Debug|Any CPU
		{40DB6621-26C8-4597-B30C-1B447E3FF48E}.Debug|Any CPU.Build.0 = Debug|Any CPU
		{40DB6621-26C8-4597-B30C-1B447E3FF48E}.Release|Any CPU.ActiveCfg = Release|Any CPU
		{40DB6621-26C8-4597-B30C-1B447E3FF48E}.Release|Any CPU.Build.0 = Release|Any CPU
		{CF05F665-F7A2-49BB-A4D2-53137966CC1F}.Debug|Any CPU.ActiveCfg = Debug|Any CPU
		{CF05F665-F7A2-49BB-A4D2-53137966CC1F}.Debug|Any CPU.Build.0 = Debug|Any CPU
		{CF05F665-F7A2-49BB-A4D2-53137966CC1F}.Release|Any CPU.ActiveCfg = Release|Any CPU
		{CF05F665-F7A2-49BB-A4D2-53137966CC1F}.Release|Any CPU.Build.0 = Release|Any CPU
		{100FD193-9903-4283-9496-23030EE9179F}.Debug|Any CPU.ActiveCfg = Debug|Any CPU
		{100FD193-9903-4283-9496-23030EE9179F}.Debug|Any CPU.Build.0 = Debug|Any CPU
		{100FD193-9903-4283-9496-23030EE9179F}.Release|Any CPU.ActiveCfg = Release|Any CPU
		{100FD193-9903-4283-9496-23030EE9179F}.Release|Any CPU.Build.0 = Release|Any CPU
		{8DF4AF81-0B89-46B6-8474-AE8B42C43B6C}.Debug|Any CPU.ActiveCfg = Debug|Any CPU
		{8DF4AF81-0B89-46B6-8474-AE8B42C43B6C}.Debug|Any CPU.Build.0 = Debug|Any CPU
		{8DF4AF81-0B89-46B6-8474-AE8B42C43B6C}.Release|Any CPU.ActiveCfg = Release|Any CPU
		{8DF4AF81-0B89-46B6-8474-AE8B42C43B6C}.Release|Any CPU.Build.0 = Release|Any CPU
		{8BC5A9F9-28DE-4C7E-8BB4-F6FD9248BB8E}.Debug|Any CPU.ActiveCfg = Debug|Any CPU
		{8BC5A9F9-28DE-4C7E-8BB4-F6FD9248BB8E}.Debug|Any CPU.Build.0 = Debug|Any CPU
		{8BC5A9F9-28DE-4C7E-8BB4-F6FD9248BB8E}.Release|Any CPU.ActiveCfg = Release|Any CPU
		{8BC5A9F9-28DE-4C7E-8BB4-F6FD9248BB8E}.Release|Any CPU.Build.0 = Release|Any CPU
		{353557E8-8325-42B3-85E3-B261E756337A}.Debug|Any CPU.ActiveCfg = Debug|Any CPU
		{353557E8-8325-42B3-85E3-B261E756337A}.Debug|Any CPU.Build.0 = Debug|Any CPU
		{353557E8-8325-42B3-85E3-B261E756337A}.Release|Any CPU.ActiveCfg = Release|Any CPU
		{353557E8-8325-42B3-85E3-B261E756337A}.Release|Any CPU.Build.0 = Release|Any CPU
		{A0697A53-C017-4202-8EC4-F7B4374A8192}.Debug|Any CPU.ActiveCfg = Debug|Any CPU
		{A0697A53-C017-4202-8EC4-F7B4374A8192}.Debug|Any CPU.Build.0 = Debug|Any CPU
		{A0697A53-C017-4202-8EC4-F7B4374A8192}.Release|Any CPU.ActiveCfg = Release|Any CPU
		{A0697A53-C017-4202-8EC4-F7B4374A8192}.Release|Any CPU.Build.0 = Release|Any CPU
		{4C963215-966E-408C-9BE9-26AAFC13E1A4}.Debug|Any CPU.ActiveCfg = Debug|Any CPU
		{4C963215-966E-408C-9BE9-26AAFC13E1A4}.Debug|Any CPU.Build.0 = Debug|Any CPU
		{4C963215-966E-408C-9BE9-26AAFC13E1A4}.Release|Any CPU.ActiveCfg = Release|Any CPU
		{4C963215-966E-408C-9BE9-26AAFC13E1A4}.Release|Any CPU.Build.0 = Release|Any CPU
		{D9EB3611-9598-4B91-A055-9BCC9329DF85}.Debug|Any CPU.ActiveCfg = Debug|Any CPU
		{D9EB3611-9598-4B91-A055-9BCC9329DF85}.Debug|Any CPU.Build.0 = Debug|Any CPU
		{D9EB3611-9598-4B91-A055-9BCC9329DF85}.Release|Any CPU.ActiveCfg = Release|Any CPU
		{D9EB3611-9598-4B91-A055-9BCC9329DF85}.Release|Any CPU.Build.0 = Release|Any CPU
		{0FB42819-36FF-4DED-82C3-11B92FE4C366}.Debug|Any CPU.ActiveCfg = Debug|Any CPU
		{0FB42819-36FF-4DED-82C3-11B92FE4C366}.Debug|Any CPU.Build.0 = Debug|Any CPU
		{0FB42819-36FF-4DED-82C3-11B92FE4C366}.Release|Any CPU.ActiveCfg = Release|Any CPU
		{0FB42819-36FF-4DED-82C3-11B92FE4C366}.Release|Any CPU.Build.0 = Release|Any CPU
		{24A72F06-7157-42B4-8702-738F2F05F20A}.Debug|Any CPU.ActiveCfg = Debug|Any CPU
		{24A72F06-7157-42B4-8702-738F2F05F20A}.Debug|Any CPU.Build.0 = Debug|Any CPU
		{24A72F06-7157-42B4-8702-738F2F05F20A}.Release|Any CPU.ActiveCfg = Release|Any CPU
		{24A72F06-7157-42B4-8702-738F2F05F20A}.Release|Any CPU.Build.0 = Release|Any CPU
	EndGlobalSection
	GlobalSection(SolutionProperties) = preSolution
		HideSolutionNode = FALSE
	EndGlobalSection
	GlobalSection(NestedProjects) = preSolution
		{2874869D-4E7F-404C-9DFD-B617C645BF7A} = {D9074F63-5CC1-4594-9CA4-459226DB4A09}
		{592363E0-193D-48C4-A17E-E1ED761B0ABB} = {D9074F63-5CC1-4594-9CA4-459226DB4A09}
		{5D49EE7A-A6EC-4DA6-9C52-D368FA2C40A2} = {D9074F63-5CC1-4594-9CA4-459226DB4A09}
		{8BB4F744-9A86-428A-B581-C7714F5AA808} = {D9074F63-5CC1-4594-9CA4-459226DB4A09}
		{A8A3E6ED-E4A8-4131-8EB8-DD31636ACBDF} = {85DF8289-2A43-4B7A-BCD0-1DFEAED74E50}
		{3D2B8EDF-722E-4C79-AC8E-5B66235760D0} = {85DF8289-2A43-4B7A-BCD0-1DFEAED74E50}
		{40DB6621-26C8-4597-B30C-1B447E3FF48E} = {85DF8289-2A43-4B7A-BCD0-1DFEAED74E50}
		{CF05F665-F7A2-49BB-A4D2-53137966CC1F} = {85DF8289-2A43-4B7A-BCD0-1DFEAED74E50}
		{100FD193-9903-4283-9496-23030EE9179F} = {AB46F822-A3D9-4119-95E5-FB3E1A2F7C25}
		{8DF4AF81-0B89-46B6-8474-AE8B42C43B6C} = {AB46F822-A3D9-4119-95E5-FB3E1A2F7C25}
		{8BC5A9F9-28DE-4C7E-8BB4-F6FD9248BB8E} = {AB46F822-A3D9-4119-95E5-FB3E1A2F7C25}
		{353557E8-8325-42B3-85E3-B261E756337A} = {B06B5380-FC22-4A7A-87C6-2D97CAC1D7F2}
		{A0697A53-C017-4202-8EC4-F7B4374A8192} = {B06B5380-FC22-4A7A-87C6-2D97CAC1D7F2}
		{4C963215-966E-408C-9BE9-26AAFC13E1A4} = {B06B5380-FC22-4A7A-87C6-2D97CAC1D7F2}
		{D9EB3611-9598-4B91-A055-9BCC9329DF85} = {B06B5380-FC22-4A7A-87C6-2D97CAC1D7F2}
		{0FB42819-36FF-4DED-82C3-11B92FE4C366} = {B06B5380-FC22-4A7A-87C6-2D97CAC1D7F2}
	EndGlobalSection
EndGlobal
