
Microsoft Visual Studio Solution File, Format Version 12.00
# Visual Studio Version 17
VisualStudioVersion = 17.9.34728.123
MinimumVisualStudioVersion = 10.0.40219.1
Project("{9A19103F-16F7-4668-BE54-9A1E7A4F7556}") = "WebAPI", "WebAPI\WebAPI.csproj", "{DEF8288A-C701-4E03-8624-94B734446C33}"
EndProject
Project("{9A19103F-16F7-4668-BE54-9A1E7A4F7556}") = "Service", "Service\Service.csproj", "{FB5B8105-0BD7-45B4-B569-1D04C7A375CD}"
EndProject
Project("{9A19103F-16F7-4668-BE54-9A1E7A4F7556}") = "DataAccess", "DataAccess\DataAccess.csproj", "{C8096078-4B41-4B08-8703-08AAC9043B8C}"
EndProject
Project("{9A19103F-16F7-4668-BE54-9A1E7A4F7556}") = "Library", "..\Library\Library.csproj", "{FB6A5CFC-BF95-46D8-A29A-E6A5ACFCED5A}"
EndProject
Global
	GlobalSection(SolutionConfigurationPlatforms) = preSolution
		Debug|Any CPU = Debug|Any CPU
		Release|Any CPU = Release|Any CPU
	EndGlobalSection
	GlobalSection(ProjectConfigurationPlatforms) = postSolution
		{DEF8288A-C701-4E03-8624-94B734446C33}.Debug|Any CPU.ActiveCfg = Debug|Any CPU
		{DEF8288A-C701-4E03-8624-94B734446C33}.Debug|Any CPU.Build.0 = Debug|Any CPU
		{DEF8288A-C701-4E03-8624-94B734446C33}.Release|Any CPU.ActiveCfg = Release|Any CPU
		{DEF8288A-C701-4E03-8624-94B734446C33}.Release|Any CPU.Build.0 = Release|Any CPU
		{FB5B8105-0BD7-45B4-B569-1D04C7A375CD}.Debug|Any CPU.ActiveCfg = Debug|Any CPU
		{FB5B8105-0BD7-45B4-B569-1D04C7A375CD}.Debug|Any CPU.Build.0 = Debug|Any CPU
		{FB5B8105-0BD7-45B4-B569-1D04C7A375CD}.Release|Any CPU.ActiveCfg = Release|Any CPU
		{FB5B8105-0BD7-45B4-B569-1D04C7A375CD}.Release|Any CPU.Build.0 = Release|Any CPU
		{C8096078-4B41-4B08-8703-08AAC9043B8C}.Debug|Any CPU.ActiveCfg = Debug|Any CPU
		{C8096078-4B41-4B08-8703-08AAC9043B8C}.Debug|Any CPU.Build.0 = Debug|Any CPU
		{C8096078-4B41-4B08-8703-08AAC9043B8C}.Release|Any CPU.ActiveCfg = Release|Any CPU
		{C8096078-4B41-4B08-8703-08AAC9043B8C}.Release|Any CPU.Build.0 = Release|Any CPU
		{FB6A5CFC-BF95-46D8-A29A-E6A5ACFCED5A}.Debug|Any CPU.ActiveCfg = Debug|Any CPU
		{FB6A5CFC-BF95-46D8-A29A-E6A5ACFCED5A}.Debug|Any CPU.Build.0 = Debug|Any CPU
		{FB6A5CFC-BF95-46D8-A29A-E6A5ACFCED5A}.Release|Any CPU.ActiveCfg = Release|Any CPU
		{FB6A5CFC-BF95-46D8-A29A-E6A5ACFCED5A}.Release|Any CPU.Build.0 = Release|Any CPU
	EndGlobalSection
	GlobalSection(SolutionProperties) = preSolution
		HideSolutionNode = FALSE
	EndGlobalSection
	GlobalSection(ExtensibilityGlobals) = postSolution
		SolutionGuid = {6CC0FEB8-873B-4669-9899-3D75987051F6}
	EndGlobalSection
EndGlobal
