
Microsoft Visual Studio Solution File, Format Version 12.00
# Visual Studio Version 17
VisualStudioVersion = 17.9.34728.123
MinimumVisualStudioVersion = 10.0.40219.1
Project("{9A19103F-16F7-4668-BE54-9A1E7A4F7556}") = "WebAPI", "WebAPI\WebAPI.csproj", "{29B23C8A-1BED-43EE-9808-495CB5D00122}"
EndProject
Project("{9A19103F-16F7-4668-BE54-9A1E7A4F7556}") = "Service", "Service\Service.csproj", "{1A6DB9A3-51D2-4474-AB7E-39C7D03746F6}"
EndProject
Project("{9A19103F-16F7-4668-BE54-9A1E7A4F7556}") = "DataAccess", "DataAccess\DataAccess.csproj", "{C15B7854-8901-4C88-83EB-E1E450F3B4FE}"
EndProject
Project("{9A19103F-16F7-4668-BE54-9A1E7A4F7556}") = "Library", "..\Library\Library.csproj", "{0D928B51-A458-456D-9EBB-242355F7CF97}"
EndProject
Project("{FAE04EC0-301F-11D3-BF4B-00C04F79EFBC}") = "Common", "Common\Common.csproj", "{2BDE98F1-8755-4AC3-B26E-EAF08E1A474D}"
EndProject
Global
	GlobalSection(SolutionConfigurationPlatforms) = preSolution
		Debug|Any CPU = Debug|Any CPU
		Release|Any CPU = Release|Any CPU
	EndGlobalSection
	GlobalSection(ProjectConfigurationPlatforms) = postSolution
		{29B23C8A-1BED-43EE-9808-495CB5D00122}.Debug|Any CPU.ActiveCfg = Debug|Any CPU
		{29B23C8A-1BED-43EE-9808-495CB5D00122}.Debug|Any CPU.Build.0 = Debug|Any CPU
		{29B23C8A-1BED-43EE-9808-495CB5D00122}.Release|Any CPU.ActiveCfg = Release|Any CPU
		{29B23C8A-1BED-43EE-9808-495CB5D00122}.Release|Any CPU.Build.0 = Release|Any CPU
		{1A6DB9A3-51D2-4474-AB7E-39C7D03746F6}.Debug|Any CPU.ActiveCfg = Debug|Any CPU
		{1A6DB9A3-51D2-4474-AB7E-39C7D03746F6}.Debug|Any CPU.Build.0 = Debug|Any CPU
		{1A6DB9A3-51D2-4474-AB7E-39C7D03746F6}.Release|Any CPU.ActiveCfg = Release|Any CPU
		{1A6DB9A3-51D2-4474-AB7E-39C7D03746F6}.Release|Any CPU.Build.0 = Release|Any CPU
		{C15B7854-8901-4C88-83EB-E1E450F3B4FE}.Debug|Any CPU.ActiveCfg = Debug|Any CPU
		{C15B7854-8901-4C88-83EB-E1E450F3B4FE}.Debug|Any CPU.Build.0 = Debug|Any CPU
		{C15B7854-8901-4C88-83EB-E1E450F3B4FE}.Release|Any CPU.ActiveCfg = Release|Any CPU
		{C15B7854-8901-4C88-83EB-E1E450F3B4FE}.Release|Any CPU.Build.0 = Release|Any CPU
		{0D928B51-A458-456D-9EBB-242355F7CF97}.Debug|Any CPU.ActiveCfg = Debug|Any CPU
		{0D928B51-A458-456D-9EBB-242355F7CF97}.Debug|Any CPU.Build.0 = Debug|Any CPU
		{0D928B51-A458-456D-9EBB-242355F7CF97}.Release|Any CPU.ActiveCfg = Release|Any CPU
		{0D928B51-A458-456D-9EBB-242355F7CF97}.Release|Any CPU.Build.0 = Release|Any CPU
		{2BDE98F1-8755-4AC3-B26E-EAF08E1A474D}.Debug|Any CPU.ActiveCfg = Debug|Any CPU
		{2BDE98F1-8755-4AC3-B26E-EAF08E1A474D}.Debug|Any CPU.Build.0 = Debug|Any CPU
		{2BDE98F1-8755-4AC3-B26E-EAF08E1A474D}.Release|Any CPU.ActiveCfg = Release|Any CPU
		{2BDE98F1-8755-4AC3-B26E-EAF08E1A474D}.Release|Any CPU.Build.0 = Release|Any CPU
	EndGlobalSection
	GlobalSection(SolutionProperties) = preSolution
		HideSolutionNode = FALSE
	EndGlobalSection
	GlobalSection(ExtensibilityGlobals) = postSolution
		SolutionGuid = {A7230864-E740-4BE9-BA7D-004FA4F08ACA}
	EndGlobalSection
EndGlobal
