
Microsoft Visual Studio Solution File, Format Version 12.00
# Visual Studio Version 17
VisualStudioVersion = 17.9.34728.123
MinimumVisualStudioVersion = 10.0.40219.1
Project("{FAE04EC0-301F-11D3-BF4B-00C04F79EFBC}") = "UserMessaging.DataAccess", "UserMessaging.DataAccess\UserMessaging.DataAccess.csproj", "{71FA28FE-7502-4A4F-AD2E-CD795ACF0649}"
EndProject
Global
	GlobalSection(SolutionConfigurationPlatforms) = preSolution
		Debug|Any CPU = Debug|Any CPU
		Release|Any CPU = Release|Any CPU
	EndGlobalSection
	GlobalSection(ProjectConfigurationPlatforms) = postSolution
		{71FA28FE-7502-4A4F-AD2E-CD795ACF0649}.Debug|Any CPU.ActiveCfg = Debug|Any CPU
		{71FA28FE-7502-4A4F-AD2E-CD795ACF0649}.Debug|Any CPU.Build.0 = Debug|Any CPU
		{71FA28FE-7502-4A4F-AD2E-CD795ACF0649}.Release|Any CPU.ActiveCfg = Release|Any CPU
		{71FA28FE-7502-4A4F-AD2E-CD795ACF0649}.Release|Any CPU.Build.0 = Release|Any CPU
	EndGlobalSection
	GlobalSection(SolutionProperties) = preSolution
		HideSolutionNode = FALSE
	EndGlobalSection
	GlobalSection(ExtensibilityGlobals) = postSolution
		SolutionGuid = {BA402749-BC77-48F2-867A-0A99C01D01EF}
	EndGlobalSection
EndGlobal
