
Microsoft Visual Studio Solution File, Format Version 12.00
Project("{FAE04EC0-301F-11D3-BF4B-00C04F79EFBC}") = "SearchPartyWeb", "SearchPartyWeb\SearchPartyWeb\SearchPartyWeb.csproj", "{C4426A1B-A783-4B7E-9CBB-758A51E8A64F}"
EndProject
Project("{2150E333-8FDC-42A3-9474-1A3956D46DE8}") = "Solution Items", "Solution Items", "{540EE6FC-B060-4C63-A052-23DDA1D4D007}"
	ProjectSection(SolutionItems) = preProject
		docker-compose.yml = docker-compose.yml
	EndProjectSection
EndProject
Global
	GlobalSection(SolutionConfigurationPlatforms) = preSolution
		Debug|Any CPU = Debug|Any CPU
		Release|Any CPU = Release|Any CPU
	EndGlobalSection
	GlobalSection(ProjectConfigurationPlatforms) = postSolution
		{C4426A1B-A783-4B7E-9CBB-758A51E8A64F}.Debug|Any CPU.ActiveCfg = Debug|Any CPU
		{C4426A1B-A783-4B7E-9CBB-758A51E8A64F}.Debug|Any CPU.Build.0 = Debug|Any CPU
		{C4426A1B-A783-4B7E-9CBB-758A51E8A64F}.Release|Any CPU.ActiveCfg = Release|Any CPU
		{C4426A1B-A783-4B7E-9CBB-758A51E8A64F}.Release|Any CPU.Build.0 = Release|Any CPU
	EndGlobalSection
EndGlobal
