
Microsoft Visual Studio Solution File, Format Version 12.00
# Visual Studio Version 17
VisualStudioVersion = 17.9.34728.123
MinimumVisualStudioVersion = 10.0.40219.1
Project("{9A19103F-16F7-4668-BE54-9A1E7A4F7556}") = "Service", "Service\Service.csproj", "{0193F206-43A7-43FC-B651-E4002CB72716}"
EndProject
Project("{9A19103F-16F7-4668-BE54-9A1E7A4F7556}") = "WebAPI", "WebAPI\WebAPI.csproj", "{4778CBF2-E8E4-46FF-AB64-4774AABD9E03}"
	ProjectSection(ProjectDependencies) = postProject
		{0193F206-43A7-43FC-B651-E4002CB72716} = {0193F206-43A7-43FC-B651-E4002CB72716}
	EndProjectSection
EndProject
Project("{FAE04EC0-301F-11D3-BF4B-00C04F79EFBC}") = "DataAccess", "DataAccess\DataAccess.csproj", "{9F241334-49D1-420E-A205-B61ACAA83C98}"
EndProject
Global
	GlobalSection(SolutionConfigurationPlatforms) = preSolution
		Debug|Any CPU = Debug|Any CPU
		Release|Any CPU = Release|Any CPU
	EndGlobalSection
	GlobalSection(ProjectConfigurationPlatforms) = postSolution
		{0193F206-43A7-43FC-B651-E4002CB72716}.Debug|Any CPU.ActiveCfg = Debug|Any CPU
		{0193F206-43A7-43FC-B651-E4002CB72716}.Debug|Any CPU.Build.0 = Debug|Any CPU
		{0193F206-43A7-43FC-B651-E4002CB72716}.Release|Any CPU.ActiveCfg = Release|Any CPU
		{0193F206-43A7-43FC-B651-E4002CB72716}.Release|Any CPU.Build.0 = Release|Any CPU
		{4778CBF2-E8E4-46FF-AB64-4774AABD9E03}.Debug|Any CPU.ActiveCfg = Debug|Any CPU
		{4778CBF2-E8E4-46FF-AB64-4774AABD9E03}.Debug|Any CPU.Build.0 = Debug|Any CPU
		{4778CBF2-E8E4-46FF-AB64-4774AABD9E03}.Release|Any CPU.ActiveCfg = Release|Any CPU
		{4778CBF2-E8E4-46FF-AB64-4774AABD9E03}.Release|Any CPU.Build.0 = Release|Any CPU
		{9F241334-49D1-420E-A205-B61ACAA83C98}.Debug|Any CPU.ActiveCfg = Debug|Any CPU
		{9F241334-49D1-420E-A205-B61ACAA83C98}.Debug|Any CPU.Build.0 = Debug|Any CPU
		{9F241334-49D1-420E-A205-B61ACAA83C98}.Release|Any CPU.ActiveCfg = Release|Any CPU
		{9F241334-49D1-420E-A205-B61ACAA83C98}.Release|Any CPU.Build.0 = Release|Any CPU
	EndGlobalSection
	GlobalSection(SolutionProperties) = preSolution
		HideSolutionNode = FALSE
	EndGlobalSection
	GlobalSection(ExtensibilityGlobals) = postSolution
		SolutionGuid = {EAC7E7CF-E59E-411E-B779-7CF5F1E858A4}
	EndGlobalSection
EndGlobal
